{
  "name": "lesson-7",
  "version": "1.0.0",
  "lockfileVersion": 3,
  "requires": true,
  "packages": {
    "": {
      "name": "lesson-7",
      "version": "1.0.0",
      "license": "ISC",
      "devDependencies": {
        "@jahed/terraform": "^1.14.8"
      }
    },
    "node_modules/@jahed/terraform": {
      "version": "1.14.8",
      "resolved": "https://registry.npmjs.org/@jahed/terraform/-/terraform-1.14.8.tgz",
      "integrity": "sha512-buyTayRHaTKfx/PTdXQFno2nM7tHzd1dJv/zvx5zZkAV1eH+P50DkZYcZqqXrHj3yHJn8zlmHfIlJbGkfZriHw==",
      "dev": true,
      "license": "MIT",
      "dependencies": {
        "fflate": "^0.8.2",
        "find-cache-directory": "^6.0.0",
        "openpgp": "^6.0.0"
      },
      "bin": {
        "terraform": "bin/terraform.js"
      },
      "funding": {
        "url": "https://jahed.dev/donate"
      }
    },
    "node_modules/common-path-prefix": {
      "version": "3.0.0",
      "resolved": "https://registry.npmjs.org/common-path-prefix/-/common-path-prefix-3.0.0.tgz",
      "integrity": "sha512-QE33hToZseCH3jS0qN96O/bSh3kaw/h+Tq7ngyY9eWDUnTlTNUyqfqvCXioLe5Na5jFsL78ra/wuBU4iuEgd4w==",
      "dev": true,
      "license": "ISC"
    },
    "node_modules/fflate": {
      "version": "0.8.2",
      "resolved": "https://registry.npmjs.org/fflate/-/fflate-0.8.2.tgz",
      "integrity": "sha512-cPJU47OaAoCbg0pBvzsgpTPhmhqI5eJjh/JIu8tPj5q+T7iLvW/JAYUqmE7KOB4R1ZyEhzBaIQpQpardBF5z8A==",
      "dev": true,
      "license": "MIT"
    },
    "node_modules/find-cache-directory": {
      "version": "6.0.0",
      "resolved": "https://registry.npmjs.org/find-cache-directory/-/find-cache-directory-6.0.0.tgz",
      "integrity": "sha512-CvFd5ivA6HcSHbD+59P7CyzINHXzwhuQK8RY7CxJZtgDSAtRlHiCaQpZQ2lMR/WRyUIEmzUvL6G2AGurMfegZA==",
      "dev": true,
      "license": "MIT",
      "dependencies": {
        "common-path-prefix": "^3.0.0",
        "pkg-dir": "^8.0.0"
      },
      "engines": {
        "node": ">=20"
      },
      "funding": {
        "url": "https://github.com/sponsors/sindresorhus"
      }
    },
    "node_modules/find-up-simple": {
      "version": "1.0.1",
      "resolved": "https://registry.npmjs.org/find-up-simple/-/find-up-simple-1.0.1.tgz",
      "integrity": "sha512-afd4O7zpqHeRyg4PfDQsXmlDe2PfdHtJt6Akt8jOWaApLOZk5JXs6VMR29lz03pRe9mpykrRCYIYxaJYcfpncQ==",
      "dev": true,
      "license": "MIT",
      "engines": {
        "node": ">=18"
      },
      "funding": {
        "url": "https://github.com/sponsors/sindresorhus"
      }
    },
    "node_modules/openpgp": {
      "version": "6.3.0",
      "resolved": "https://registry.npmjs.org/openpgp/-/openpgp-6.3.0.tgz",
      "integrity": "sha512-pLzCU8IgyKXPSO11eeharQkQ4GzOKNWhXq79pQarIRZEMt1/ssyr+MIuWBv1mNoenJLg04gvPx+fi4gcKZ4bag==",
      "dev": true,
      "license": "LGPL-3.0+",
      "engines": {
        "node": ">= 18.0.0"
      }
    },
    "node_modules/pkg-dir": {
      "version": "8.0.0",
      "resolved": "https://registry.npmjs.org/pkg-dir/-/pkg-dir-8.0.0.tgz",
      "integrity": "sha512-4peoBq4Wks0riS0z8741NVv+/8IiTvqnZAr8QGgtdifrtpdXbNw/FxRS1l6NFqm4EMzuS0EDqNNx4XGaz8cuyQ==",
      "dev": true,
      "license": "MIT",
      "dependencies": {
        "find-up-simple": "^1.0.0"
      },
      "engines": {
        "node": ">=18"
      },
      "funding": {
        "url": "https://github.com/sponsors/sindresorhus"
      }
    }
  }
}
